
Microsoft Visual Studio Solution File, Format Version 12.00
# Visual Studio Version 16
VisualStudioVersion = 16.0.29709.97
MinimumVisualStudioVersion = 10.0.40219.1
Project("{FAE04EC0-301F-11D3-BF4B-00C04F79EFBC}") = "SistemaDeRelatorios", "SistemaDeRelatorios\SistemaDeRelatorios.csproj", "{B1633EAD-DF94-4F04-8A84-999AA7C0E826}"
EndProject
Project("{FAE04EC0-301F-11D3-BF4B-00C04F79EFBC}") = "DataAcces", "DataAcces\DataAcces.csproj", "{0851A01E-4FA4-431D-B471-9915B75A6F68}"
EndProject
Project("{FAE04EC0-301F-11D3-BF4B-00C04F79EFBC}") = "Dominio", "Dominio\Dominio.csproj", "{C9FF66B2-DE62-4531-8D62-1FB08AB6CB34}"
EndProject
Global
	GlobalSection(SolutionConfigurationPlatforms) = preSolution
		Debug|Any CPU = Debug|Any CPU
		Release|Any CPU = Release|Any CPU
	EndGlobalSection
	GlobalSection(ProjectConfigurationPlatforms) = postSolution
		{B1633EAD-DF94-4F04-8A84-999AA7C0E826}.Debug|Any CPU.ActiveCfg = Debug|Any CPU
		{B1633EAD-DF94-4F04-8A84-999AA7C0E826}.Debug|Any CPU.Build.0 = Debug|Any CPU
		{B1633EAD-DF94-4F04-8A84-999AA7C0E826}.Release|Any CPU.ActiveCfg = Release|Any CPU
		{B1633EAD-DF94-4F04-8A84-999AA7C0E826}.Release|Any CPU.Build.0 = Release|Any CPU
		{0851A01E-4FA4-431D-B471-9915B75A6F68}.Debug|Any CPU.ActiveCfg = Debug|Any CPU
		{0851A01E-4FA4-431D-B471-9915B75A6F68}.Debug|Any CPU.Build.0 = Debug|Any CPU
		{0851A01E-4FA4-431D-B471-9915B75A6F68}.Release|Any CPU.ActiveCfg = Release|Any CPU
		{0851A01E-4FA4-431D-B471-9915B75A6F68}.Release|Any CPU.Build.0 = Release|Any CPU
		{C9FF66B2-DE62-4531-8D62-1FB08AB6CB34}.Debug|Any CPU.ActiveCfg = Debug|Any CPU
		{C9FF66B2-DE62-4531-8D62-1FB08AB6CB34}.Debug|Any CPU.Build.0 = Debug|Any CPU
		{C9FF66B2-DE62-4531-8D62-1FB08AB6CB34}.Release|Any CPU.ActiveCfg = Release|Any CPU
		{C9FF66B2-DE62-4531-8D62-1FB08AB6CB34}.Release|Any CPU.Build.0 = Release|Any CPU
	EndGlobalSection
	GlobalSection(SolutionProperties) = preSolution
		HideSolutionNode = FALSE
	EndGlobalSection
	GlobalSection(ExtensibilityGlobals) = postSolution
		SolutionGuid = {8C6B4E14-4414-4F1B-A3A4-C1B1662CF683}
	EndGlobalSection
EndGlobal
